
Microsoft Visual Studio Solution File, Format Version 12.00
# Visual Studio 15
VisualStudioVersion = 15.0.27130.2003
MinimumVisualStudioVersion = 10.0.40219.1
Project("{8BC9CEB8-8B4A-11D0-8D11-00A0C91BC942}") = "BlogDriver", "BlogDriver\BlogDriver.vcxproj", "{5BE7601D-04CE-42AF-8C03-DA81270159FD}"
EndProject
Global
	GlobalSection(SolutionConfigurationPlatforms) = preSolution
		Debug|x64 = Debug|x64
		Release|x64 = Release|x64
	EndGlobalSection
	GlobalSection(ProjectConfigurationPlatforms) = postSolution
		{5BE7601D-04CE-42AF-8C03-DA81270159FD}.Debug|x64.ActiveCfg = Release|x64
		{5BE7601D-04CE-42AF-8C03-DA81270159FD}.Debug|x64.Build.0 = Release|x64
		{5BE7601D-04CE-42AF-8C03-DA81270159FD}.Debug|x64.Deploy.0 = Release|x64
		{5BE7601D-04CE-42AF-8C03-DA81270159FD}.Release|x64.ActiveCfg = Release|x64
		{5BE7601D-04CE-42AF-8C03-DA81270159FD}.Release|x64.Build.0 = Release|x64
		{5BE7601D-04CE-42AF-8C03-DA81270159FD}.Release|x64.Deploy.0 = Release|x64
	EndGlobalSection
	GlobalSection(SolutionProperties) = preSolution
		HideSolutionNode = FALSE
	EndGlobalSection
	GlobalSection(ExtensibilityGlobals) = postSolution
		SolutionGuid = {9720A405-7245-4C1B-955E-EF2C24FBB4FE}
	EndGlobalSection
EndGlobal
